
Microsoft Visual Studio Solution File, Format Version 12.00
# Visual Studio Version 17
VisualStudioVersion = 17.4.33205.214
MinimumVisualStudioVersion = 10.0.40219.1
Project("{FAE04EC0-301F-11D3-BF4B-00C04F79EFBC}") = "FoodFacilities.Api", "FoodFacilities.Api.csproj", "{507D5D9B-6E76-41F9-BD74-DD08958F3F78}"
EndProject
Global
	GlobalSection(SolutionConfigurationPlatforms) = preSolution
		Debug|Any CPU = Debug|Any CPU
		Release|Any CPU = Release|Any CPU
	EndGlobalSection
	GlobalSection(ProjectConfigurationPlatforms) = postSolution
		{507D5D9B-6E76-41F9-BD74-DD08958F3F78}.Debug|Any CPU.ActiveCfg = Debug|Any CPU
		{507D5D9B-6E76-41F9-BD74-DD08958F3F78}.Debug|Any CPU.Build.0 = Debug|Any CPU
		{507D5D9B-6E76-41F9-BD74-DD08958F3F78}.Release|Any CPU.ActiveCfg = Release|Any CPU
		{507D5D9B-6E76-41F9-BD74-DD08958F3F78}.Release|Any CPU.Build.0 = Release|Any CPU
	EndGlobalSection
	GlobalSection(SolutionProperties) = preSolution
		HideSolutionNode = FALSE
	EndGlobalSection
	GlobalSection(ExtensibilityGlobals) = postSolution
		SolutionGuid = {13190904-0B75-47D3-9F0A-18D68F1CCD6C}
	EndGlobalSection
EndGlobal
